
Microsoft Visual Studio Solution File, Format Version 12.00
# Visual Studio 15
VisualStudioVersion = 15.0.28010.2036
MinimumVisualStudioVersion = 10.0.40219.1
Project("{FAE04EC0-301F-11D3-BF4B-00C04F79EFBC}") = "DataAnalysis", "DataAnalysis\DataAnalysis.csproj", "{87CE5884-3913-4899-93AA-ABF701FC4EF8}"
EndProject
Global
	GlobalSection(SolutionConfigurationPlatforms) = preSolution
		Debug|Any CPU = Debug|Any CPU
		Release|Any CPU = Release|Any CPU
	EndGlobalSection
	GlobalSection(ProjectConfigurationPlatforms) = postSolution
		{87CE5884-3913-4899-93AA-ABF701FC4EF8}.Debug|Any CPU.ActiveCfg = Debug|Any CPU
		{87CE5884-3913-4899-93AA-ABF701FC4EF8}.Debug|Any CPU.Build.0 = Debug|Any CPU
		{87CE5884-3913-4899-93AA-ABF701FC4EF8}.Release|Any CPU.ActiveCfg = Release|Any CPU
		{87CE5884-3913-4899-93AA-ABF701FC4EF8}.Release|Any CPU.Build.0 = Release|Any CPU
	EndGlobalSection
	GlobalSection(SolutionProperties) = preSolution
		HideSolutionNode = FALSE
	EndGlobalSection
	GlobalSection(ExtensibilityGlobals) = postSolution
		SolutionGuid = {5DE30D3F-6E0D-410B-95D7-7045C38AC6B2}
	EndGlobalSection
EndGlobal
